
Microsoft Visual Studio Solution File, Format Version 12.00
Project("{FAE04EC0-301F-11D3-BF4B-00C04F79EFBC}") = "OpenWright.BackendService", "OpenWright.BackendService\OpenWright.BackendService.csproj", "{91383C65-7A81-447B-9631-8B00630AA5AD}"
EndProject
Project("{2150E333-8FDC-42A3-9474-1A3956D46DE8}") = "Solution Items", "Solution Items", "{14D3FB86-7590-46A0-8AA0-C141F06CBA19}"
	ProjectSection(SolutionItems) = preProject
		compose.yaml = compose.yaml
	EndProjectSection
EndProject
Global
	GlobalSection(SolutionConfigurationPlatforms) = preSolution
		Debug|Any CPU = Debug|Any CPU
		Release|Any CPU = Release|Any CPU
	EndGlobalSection
	GlobalSection(ProjectConfigurationPlatforms) = postSolution
		{91383C65-7A81-447B-9631-8B00630AA5AD}.Debug|Any CPU.ActiveCfg = Debug|Any CPU
		{91383C65-7A81-447B-9631-8B00630AA5AD}.Debug|Any CPU.Build.0 = Debug|Any CPU
		{91383C65-7A81-447B-9631-8B00630AA5AD}.Release|Any CPU.ActiveCfg = Release|Any CPU
		{91383C65-7A81-447B-9631-8B00630AA5AD}.Release|Any CPU.Build.0 = Release|Any CPU
	EndGlobalSection
EndGlobal
