{
  "version": 2,
  "dependencies": {
    "net9.0": {
      "Microsoft.AspNetCore.Authentication.Google": {
        "type": "Direct",
        "requested": "[9.0.4, )",
        "resolved": "9.0.4",
        "contentHash": "/fAEXx6E3xT8lQjepDqqrd7cqh783+nbvy8gW1bdLWdKoM7l7F8invNRjHz7r1kViffTJw8KGT1SHIbihEhErA=="
      },
      "AutoMapper": {
        "type": "Transitive",
        "resolved": "14.0.0",
        "contentHash": "OC+1neAPM4oCCqQj3g2GJ2shziNNhOkxmNB9cVS8jtx4JbgmRzLcUOxB9Tsz6cVPHugdkHgCaCrTjjSI0Z5sCQ==",
        "dependencies": {
          "Microsoft.Extensions.Options": "8.0.0"
        }
      },
      "AutoMapper.Extensions.ExpressionMapping": {
        "type": "Transitive",
        "resolved": "8.0.0",
        "contentHash": "fR55QEOt8GiaVQPuEpyWJAzZxFSInCIYg6E1EoqQByWnjzQnQ5zHwQvMMF3E+AdtvAzbG7Intm08/8pK8eUTvQ==",
        "dependencies": {
          "AutoMapper": "[14.0.0, 15.0.0)"
        }
      },
      "Castle.Core": {
        "type": "Transitive",
        "resolved": "5.1.1",
        "contentHash": "rpYtIczkzGpf+EkZgDr9CClTdemhsrwA/W5hMoPjLkRFnXzH44zDLoovXeKtmxb1ykXK9aJVODSpiJml8CTw2g==",
        "dependencies": {
          "System.Diagnostics.EventLog": "6.0.0"
        }
      },
      "Hangfire": {
        "type": "Transitive",
        "resolved": "1.8.18",
        "contentHash": "EY+UqMHTOQAtdjeJf3jlnj8MpENyDPTpA6OHMncucVlkaongZjrx+gCN4bgma7vD3BNHqfQ7irYrfE5p1DOBEQ==",
        "dependencies": {
          "Hangfire.AspNetCore": "[1.8.18]",
          "Hangfire.Core": "[1.8.18]",
          "Hangfire.SqlServer": "[1.8.18]"
        }
      },
      "Hangfire.AspNetCore": {
        "type": "Transitive",
        "resolved": "1.8.18",
        "contentHash": "5D6Do0qgoAnakvh4KnKwhIoUzFU84Z0sCYMB+Sit+ygkpL1P6JGYDcd/9vDBcfr5K3JqBxD4Zh2IK2LOXuuiaw==",
        "dependencies": {
          "Hangfire.NetCore": "[1.8.18]"
        }
      },
      "Hangfire.Core": {
        "type": "Transitive",
        "resolved": "1.8.18",
        "contentHash": "oNAkV8QQoYg5+vM2M024NBk49EhTO2BmKDLuQaKNew23RpH9OUGtKDl1KldBdDJrD8TMFzjhWCArol3igd2i2w==",
        "dependencies": {
          "Newtonsoft.Json": "11.0.1"
        }
      },
      "Hangfire.MemoryStorage": {
        "type": "Transitive",
        "resolved": "1.8.1.1",
        "contentHash": "qXq7rr2c4UoX5aFZcji817RPTzNR/hX4T27jhp7YNYcGiGNsyi2bjp+yX9AhICQlyrm4/W7YDGgm/mxVkeEAng==",
        "dependencies": {
          "Hangfire.Core": "1.7.35"
        }
      },
      "Hangfire.NetCore": {
        "type": "Transitive",
        "resolved": "1.8.18",
        "contentHash": "3KAV9AZ1nqQHC54qR4buNEEKRmQJfq+lODtZxUk5cdi68lV8+9K2f4H1/mIfDlPpgjPFjEfCobNoi2+TIpKySw==",
        "dependencies": {
          "Hangfire.Core": "[1.8.18]",
          "Microsoft.Extensions.DependencyInjection.Abstractions": "3.0.0",
          "Microsoft.Extensions.Hosting.Abstractions": "3.0.0",
          "Microsoft.Extensions.Logging.Abstractions": "3.0.0"
        }
      },
      "Hangfire.SqlServer": {
        "type": "Transitive",
        "resolved": "1.8.18",
        "contentHash": "yBfI2ygYfN/31rOrahfOFHee1mwTrG0ppsmK9awCS0mAr2GEaB9eyYqg/lURgZy8AA8UVJVs5nLHa2hc1pDAVQ==",
        "dependencies": {
          "Hangfire.Core": "[1.8.18]"
        }
      },
      "LinqKit.Core": {
        "type": "Transitive",
        "resolved": "1.2.8",
        "contentHash": "F/ZGutPdat2u+nevwACsp09fT1z+fazu0UlZGVeAPSaGCdf/PuOv4hAyJ+7zCmqpADQLtmw9jEfJVPmgQy/8Cg=="
      },
      "Microsoft.CSharp": {
        "type": "Transitive",
        "resolved": "4.7.0",
        "contentHash": "pTj+D3uJWyN3My70i2Hqo+OXixq3Os2D1nJ2x92FFo6sk8fYS1m1WLNTs0Dc1uPaViH0YvEEwvzddQ7y4rhXmA=="
      },
      "Microsoft.EntityFrameworkCore.Analyzers": {
        "type": "Transitive",
        "resolved": "9.0.4",
        "contentHash": "cMsm1O7g9X5qbB2wjHf3BVVvGwkG+zeXQ+M91I1Bm6RfylFMImqBPzs0+vmuef7fPxr2yOzPhIfJ2wQJfmtaSw=="
      },
      "Microsoft.EntityFrameworkCore.InMemory": {
        "type": "Transitive",
        "resolved": "9.0.4",
        "contentHash": "VHjUwjvN8UKjb8xtKJ/o+dc9tTeHOW3QzlfkzX3JrUspLkPIjwMdZCcw6eS4gsFjby0NFkcXBjHtrgTjVOfO5Q==",
        "dependencies": {
          "Microsoft.EntityFrameworkCore": "9.0.4",
          "Microsoft.Extensions.Caching.Memory": "9.0.4",
          "Microsoft.Extensions.Logging": "9.0.4"
        }
      },
      "Microsoft.EntityFrameworkCore.Proxies": {
        "type": "Transitive",
        "resolved": "9.0.4",
        "contentHash": "qGJSwYDO13wy4DeOPnwGY8RC8nLq7pAh441wqm8zIlvXm4vHWX6ujNHcgfEUI2DDMyUePVX9xJLEq7xo82Yvgg==",
        "dependencies": {
          "Castle.Core": "5.1.1",
          "Microsoft.EntityFrameworkCore": "9.0.4",
          "Microsoft.Extensions.Caching.Memory": "9.0.4",
          "Microsoft.Extensions.Logging": "9.0.4"
        }
      },
      "Microsoft.Extensions.Caching.Abstractions": {
        "type": "Transitive",
        "resolved": "9.0.4",
        "contentHash": "imcZ5BGhBw5mNsWLepBbqqumWaFe0GtvyCvne2/2wsDIBRa2+Lhx4cU/pKt/4BwOizzUEOls2k1eOJQXHGMalg==",
        "dependencies": {
          "Microsoft.Extensions.Primitives": "9.0.4"
        }
      },
      "Microsoft.Extensions.Caching.Memory": {
        "type": "Transitive",
        "resolved": "9.0.4",
        "contentHash": "G5rEq1Qez5VJDTEyRsRUnewAspKjaY57VGsdZ8g8Ja6sXXzoiI3PpTd1t43HjHqNWD5A06MQveb2lscn+2CU+w==",
        "dependencies": {
          "Microsoft.Extensions.Caching.Abstractions": "9.0.4",
          "Microsoft.Extensions.DependencyInjection.Abstractions": "9.0.4",
          "Microsoft.Extensions.Logging.Abstractions": "9.0.4",
          "Microsoft.Extensions.Options": "9.0.4",
          "Microsoft.Extensions.Primitives": "9.0.4"
        }
      },
      "Microsoft.Extensions.Configuration": {
        "type": "Transitive",
        "resolved": "9.0.0",
        "contentHash": "YIMO9T3JL8MeEXgVozKt2v79hquo/EFtnY0vgxmLnUvk1Rei/halI7kOWZL2RBeV9FMGzgM9LZA8CVaNwFMaNA==",
        "dependencies": {
          "Microsoft.Extensions.Configuration.Abstractions": "9.0.0",
          "Microsoft.Extensions.Primitives": "9.0.0"
        }
      },
      "Microsoft.Extensions.Configuration.Abstractions": {
        "type": "Transitive",
        "resolved": "9.0.4",
        "contentHash": "0LN/DiIKvBrkqp7gkF3qhGIeZk6/B63PthAHjQsxymJfIBcz0kbf4/p/t4lMgggVxZ+flRi5xvTwlpPOoZk8fg==",
        "dependencies": {
          "Microsoft.Extensions.Primitives": "9.0.4"
        }
      },
      "Microsoft.Extensions.Configuration.Binder": {
        "type": "Transitive",
        "resolved": "9.0.0",
        "contentHash": "RiScL99DcyngY9zJA2ROrri7Br8tn5N4hP4YNvGdTN/bvg1A3dwvDOxHnNZ3Im7x2SJ5i4LkX1uPiR/MfSFBLQ==",
        "dependencies": {
          "Microsoft.Extensions.Configuration.Abstractions": "9.0.0"
        }
      },
      "Microsoft.Extensions.DependencyInjection": {
        "type": "Transitive",
        "resolved": "9.0.4",
        "contentHash": "f2MTUaS2EQ3lX4325ytPAISZqgBfXmY0WvgD80ji6Z20AoDNiCESxsqo6mFRwHJD/jfVKRw9FsW6+86gNre3ug==",
        "dependencies": {
          "Microsoft.Extensions.DependencyInjection.Abstractions": "9.0.4"
        }
      },
      "Microsoft.Extensions.DependencyInjection.Abstractions": {
        "type": "Transitive",
        "resolved": "9.0.4",
        "contentHash": "UI0TQPVkS78bFdjkTodmkH0Fe8lXv9LnhGFKgKrsgUJ5a5FVdFRcgjIkBVLbGgdRhxWirxH/8IXUtEyYJx6GQg=="
      },
      "Microsoft.Extensions.DependencyModel": {
        "type": "Transitive",
        "resolved": "9.0.0",
        "contentHash": "saxr2XzwgDU77LaQfYFXmddEDRUKHF4DaGMZkNB3qjdVSZlax3//dGJagJkKrGMIPNZs2jVFXITyCCR6UHJNdA=="
      },
      "Microsoft.Extensions.Diagnostics": {
        "type": "Transitive",
        "resolved": "9.0.0",
        "contentHash": "0CF9ZrNw5RAlRfbZuVIvzzhP8QeWqHiUmMBU/2H7Nmit8/vwP3/SbHeEctth7D4Gz2fBnEbokPc1NU8/j/1ZLw==",
        "dependencies": {
          "Microsoft.Extensions.Configuration": "9.0.0",
          "Microsoft.Extensions.Diagnostics.Abstractions": "9.0.0",
          "Microsoft.Extensions.Options.ConfigurationExtensions": "9.0.0"
        }
      },
      "Microsoft.Extensions.Diagnostics.Abstractions": {
        "type": "Transitive",
        "resolved": "9.0.0",
        "contentHash": "1K8P7XzuzX8W8pmXcZjcrqS6x5eSSdvhQohmcpgiQNY/HlDAlnrhR9dvlURfFz428A+RTCJpUyB+aKTA6AgVcQ==",
        "dependencies": {
          "Microsoft.Extensions.DependencyInjection.Abstractions": "9.0.0",
          "Microsoft.Extensions.Options": "9.0.0"
        }
      },
      "Microsoft.Extensions.FileProviders.Abstractions": {
        "type": "Transitive",
        "resolved": "9.0.0",
        "contentHash": "uK439QzYR0q2emLVtYzwyK3x+T5bTY4yWsd/k/ZUS9LR6Sflp8MIdhGXW8kQCd86dQD4tLqvcbLkku8qHY263Q==",
        "dependencies": {
          "Microsoft.Extensions.Primitives": "9.0.0"
        }
      },
      "Microsoft.Extensions.Hosting.Abstractions": {
        "type": "Transitive",
        "resolved": "9.0.0",
        "contentHash": "yUKJgu81ExjvqbNWqZKshBbLntZMbMVz/P7Way2SBx7bMqA08Mfdc9O7hWDKAiSp+zPUGT6LKcSCQIPeDK+CCw==",
        "dependencies": {
          "Microsoft.Extensions.Configuration.Abstractions": "9.0.0",
          "Microsoft.Extensions.DependencyInjection.Abstractions": "9.0.0",
          "Microsoft.Extensions.Diagnostics.Abstractions": "9.0.0",
          "Microsoft.Extensions.FileProviders.Abstractions": "9.0.0",
          "Microsoft.Extensions.Logging.Abstractions": "9.0.0"
        }
      },
      "Microsoft.Extensions.Logging": {
        "type": "Transitive",
        "resolved": "9.0.4",
        "contentHash": "xW6QPYsqhbuWBO9/1oA43g/XPKbohJx+7G8FLQgQXIriYvY7s+gxr2wjQJfRoPO900dvvv2vVH7wZovG+M1m6w==",
        "dependencies": {
          "Microsoft.Extensions.DependencyInjection": "9.0.4",
          "Microsoft.Extensions.Logging.Abstractions": "9.0.4",
          "Microsoft.Extensions.Options": "9.0.4"
        }
      },
      "Microsoft.Extensions.Logging.Configuration": {
        "type": "Transitive",
        "resolved": "9.0.0",
        "contentHash": "H05HiqaNmg6GjH34ocYE9Wm1twm3Oz2aXZko8GTwGBzM7op2brpAA8pJ5yyD1OpS1mXUtModBYOlcZ/wXeWsSg==",
        "dependencies": {
          "Microsoft.Extensions.Configuration": "9.0.0",
          "Microsoft.Extensions.Configuration.Abstractions": "9.0.0",
          "Microsoft.Extensions.Configuration.Binder": "9.0.0",
          "Microsoft.Extensions.DependencyInjection.Abstractions": "9.0.0",
          "Microsoft.Extensions.Logging": "9.0.0",
          "Microsoft.Extensions.Logging.Abstractions": "9.0.0",
          "Microsoft.Extensions.Options": "9.0.0",
          "Microsoft.Extensions.Options.ConfigurationExtensions": "9.0.0"
        }
      },
      "Microsoft.Extensions.Options": {
        "type": "Transitive",
        "resolved": "9.0.4",
        "contentHash": "fiFI2+58kicqVZyt/6obqoFwHiab7LC4FkQ3mmiBJ28Yy4fAvy2+v9MRnSvvlOO8chTOjKsdafFl/K9veCPo5g==",
        "dependencies": {
          "Microsoft.Extensions.DependencyInjection.Abstractions": "9.0.4",
          "Microsoft.Extensions.Primitives": "9.0.4"
        }
      },
      "Microsoft.Extensions.Options.ConfigurationExtensions": {
        "type": "Transitive",
        "resolved": "9.0.0",
        "contentHash": "Ob3FXsXkcSMQmGZi7qP07EQ39kZpSBlTcAZLbJLdI4FIf0Jug8biv2HTavWmnTirchctPlq9bl/26CXtQRguzA==",
        "dependencies": {
          "Microsoft.Extensions.Configuration.Abstractions": "9.0.0",
          "Microsoft.Extensions.Configuration.Binder": "9.0.0",
          "Microsoft.Extensions.DependencyInjection.Abstractions": "9.0.0",
          "Microsoft.Extensions.Options": "9.0.0",
          "Microsoft.Extensions.Primitives": "9.0.0"
        }
      },
      "Microsoft.Extensions.Primitives": {
        "type": "Transitive",
        "resolved": "9.0.4",
        "contentHash": "SPFyMjyku1nqTFFJ928JAMd0QnRe4xjE7KeKnZMWXf3xk+6e0WiOZAluYtLdbJUXtsl2cCRSi8cBquJ408k8RA=="
      },
      "Microsoft.NETCore.Platforms": {
        "type": "Transitive",
        "resolved": "1.1.0",
        "contentHash": "kz0PEW2lhqygehI/d6XsPCQzD7ff7gUJaVGPVETX611eadGsA3A877GdSlU0LRVMCTH/+P3o2iDTak+S08V2+A=="
      },
      "Microsoft.NETCore.Targets": {
        "type": "Transitive",
        "resolved": "1.1.0",
        "contentHash": "aOZA3BWfz9RXjpzt0sRJJMjAscAUm3Hoa4UWAfceV9UTYxgwZ1lZt5nO2myFf+/jetYQo4uTP7zS8sJY67BBxg=="
      },
      "Microsoft.OpenApi": {
        "type": "Transitive",
        "resolved": "1.6.17",
        "contentHash": "Le+kehlmrlQfuDFUt1zZ2dVwrhFQtKREdKBo+rexOwaCoYP0/qpgT9tLxCsZjsgR5Itk1UKPcbgO+FyaNid/bA=="
      },
      "morelinq": {
        "type": "Transitive",
        "resolved": "4.4.0",
        "contentHash": "QX3bsK9oFeUXk8tFsc9NkI6NnCr8Ar/ex027p+ZZ/jdLCdX2RlryDtxUqZW5j45NVwn4E4Z4hzupsoMQd6Yxtg=="
      },
      "Ninject": {
        "type": "Transitive",
        "resolved": "3.3.6",
        "contentHash": "93avazUpbRL3IdwvTQF0DKSQB26TeqwMGhZsQNxi/RLSYewhxBkdGDhwWe9DAIRF1+zKDVMv3XkBk8HobKU6wA==",
        "dependencies": {
          "System.Reflection.Emit.ILGeneration": "4.3.0",
          "System.Reflection.Emit.Lightweight": "4.3.0"
        }
      },
      "Ninject.Extensions.ContextPreservation": {
        "type": "Transitive",
        "resolved": "3.3.1",
        "contentHash": "gknjDBEGMEfieUuTDYVS6doIIompN8oFymxDMqiCBvo5d4DlkjorS2YwXAq61zLz7pC2H9YbvbIcVDAnHOMWOQ==",
        "dependencies": {
          "Ninject.Extensions.Factory": "3.3.2"
        }
      },
      "Ninject.Extensions.Factory": {
        "type": "Transitive",
        "resolved": "3.3.3",
        "contentHash": "aF18MboPRaOgnUPNkafO44IPBXh7P7tUuZA3gP4ehxt1zwdViNPkVd5Mb9HlwbRM1togf0Eezpxfft7jz3IM9Q==",
        "dependencies": {
          "Castle.Core": "4.2.0",
          "Ninject": "3.3.3"
        }
      },
      "Nito.AsyncEx": {
        "type": "Transitive",
        "resolved": "5.1.2",
        "contentHash": "hq+N63M/2znx2z1VzvPDHNg+HIWKdIloEZre+P7E0O+2iRf1Q4HBOgeiJU6SzFD/fWoyKyKSSSrekk4RgiXaeQ==",
        "dependencies": {
          "Nito.AsyncEx.Context": "5.1.2",
          "Nito.AsyncEx.Coordination": "5.1.2",
          "Nito.AsyncEx.Interop.WaitHandles": "5.1.2",
          "Nito.AsyncEx.Oop": "5.1.2",
          "Nito.AsyncEx.Tasks": "5.1.2",
          "Nito.Cancellation": "1.1.2"
        }
      },
      "Nito.AsyncEx.Context": {
        "type": "Transitive",
        "resolved": "5.1.2",
        "contentHash": "rMwL7Nj3oNyvFu/jxUzQ/YBobEkM2RQHe+5mpCDRyq6mfD7vCj7Z3rjB6XgpM6Mqcx1CA2xGv0ascU/2Xk8IIg==",
        "dependencies": {
          "Nito.AsyncEx.Tasks": "5.1.2"
        }
      },
      "Nito.AsyncEx.Coordination": {
        "type": "Transitive",
        "resolved": "5.1.2",
        "contentHash": "QMyUfsaxov//0ZMbOHWr9hJaBFteZd66DV1ay4J5wRODDb8+K/uHC7+3VsOflo6SVw/29mu8OWZp8vMDSuzc0w==",
        "dependencies": {
          "Nito.AsyncEx.Tasks": "5.1.2",
          "Nito.Collections.Deque": "1.1.1"
        }
      },
      "Nito.AsyncEx.Interop.WaitHandles": {
        "type": "Transitive",
        "resolved": "5.1.2",
        "contentHash": "qym29lFBCSIacKvFcJDW+beXzuO+6y9lWdd1KecxzzAqtNuvlYgNPwIsxwdhEINLhTT4aDuCM3JalpUZYWI51Q==",
        "dependencies": {
          "Nito.AsyncEx.Tasks": "5.1.2"
        }
      },
      "Nito.AsyncEx.Oop": {
        "type": "Transitive",
        "resolved": "5.1.2",
        "contentHash": "MxQl/NFoPgMApyjbB2fSZBrjdf9r6ODd/BTrWLyJKYX6UeNfw0Ocr0cPiTg2LRN0Ayud8Gj4dh67AdasNn709Q==",
        "dependencies": {
          "Nito.AsyncEx.Coordination": "5.1.2"
        }
      },
      "Nito.AsyncEx.Tasks": {
        "type": "Transitive",
        "resolved": "5.1.2",
        "contentHash": "jEkCfR2/M26OK/U4G7SEN063EU/F4LiVA06TtpZILMdX/quIHCg+wn31Zerl2LC+u1cyFancjTY3cNAr2/89PA==",
        "dependencies": {
          "Nito.Disposables": "2.2.1"
        }
      },
      "Nito.Cancellation": {
        "type": "Transitive",
        "resolved": "1.1.2",
        "contentHash": "Z+SZKp0KxMC6tEVbXe8ah4pBJadyqP0pObQMaZcBavhIDEIsGuxt7PL+B9AiNJD3Ni5VgnZsnii5HPJgVDE81w==",
        "dependencies": {
          "Nito.Disposables": "2.2.1"
        }
      },
      "Nito.Collections.Deque": {
        "type": "Transitive",
        "resolved": "1.1.1",
        "contentHash": "CU0/Iuv5VDynK8I8pDLwkgF0rZhbQoZahtodfL0M3x2gFkpBRApKs8RyMyNlAi1mwExE4gsmqQXk4aFVvW9a4Q=="
      },
      "Nito.Disposables": {
        "type": "Transitive",
        "resolved": "2.2.1",
        "contentHash": "6sZ5uynQeAE9dPWBQGKebNmxbY4xsvcc5VplB5WkYEESUS7oy4AwnFp0FhqxTSKm/PaFrFqLrYr696CYN8cugg==",
        "dependencies": {
          "System.Collections.Immutable": "1.7.1"
        }
      },
      "Revo.Core": {
        "type": "Transitive",
        "resolved": "1.37.0",
        "contentHash": "5nl0+473Vd5DL5PICGZrvYbMDqnOuXBLOH2X6RYQOBAjXB75JQUKOSHpAs1lwi46RJ9rDbm8tdbcBqponOK2Ww==",
        "dependencies": {
          "Microsoft.Extensions.DependencyInjection": "9.0.4",
          "Microsoft.Extensions.DependencyInjection.Abstractions": "9.0.4",
          "Microsoft.Extensions.Logging": "9.0.4",
          "Newtonsoft.Json": "13.0.3",
          "Ninject": "3.3.6",
          "Ninject.Extensions.ContextPreservation": "3.3.1",
          "Ninject.Extensions.Factory": "3.3.3",
          "System.Collections.Immutable": "9.0.4"
        }
      },
      "Revo.Hangfire": {
        "type": "Transitive",
        "resolved": "1.37.0",
        "contentHash": "Cr7wZZku8yUAsD0DE/c0aYA4IQykj621sXEFGYIBJRg+euWx6y3Ea4wt9grHWH9OVfhGrz41amqG9dN3L3rmHQ==",
        "dependencies": {
          "Hangfire": "1.8.18",
          "Hangfire.MemoryStorage": "1.8.1.1",
          "Revo.Infrastructure": "1.37.0"
        }
      },
      "Sentry.Extensions.Logging": {
        "type": "Transitive",
        "resolved": "5.5.1",
        "contentHash": "DV4VATxwFVNBBdxGv2KwoksfRyItBZi+ETB1cv11NzBU7jV7i9s/DtXNsh6AypnLSajbVhwx8EzQa8kwqJLwJA==",
        "dependencies": {
          "Microsoft.Extensions.Configuration.Binder": "9.0.0",
          "Microsoft.Extensions.Http": "9.0.0",
          "Microsoft.Extensions.Logging.Configuration": "9.0.0",
          "Sentry": "5.5.1"
        }
      },
      "Serilog.Extensions.Hosting": {
        "type": "Transitive",
        "resolved": "9.0.0",
        "contentHash": "u2TRxuxbjvTAldQn7uaAwePkWxTHIqlgjelekBtilAGL5sYyF3+65NWctN4UrwwGLsDC7c3Vz3HnOlu+PcoxXg==",
        "dependencies": {
          "Microsoft.Extensions.DependencyInjection.Abstractions": "9.0.0",
          "Microsoft.Extensions.Hosting.Abstractions": "9.0.0",
          "Microsoft.Extensions.Logging.Abstractions": "9.0.0",
          "Serilog": "4.2.0",
          "Serilog.Extensions.Logging": "9.0.0"
        }
      },
      "Serilog.Extensions.Logging": {
        "type": "Transitive",
        "resolved": "9.0.0",
        "contentHash": "NwSSYqPJeKNzl5AuXVHpGbr6PkZJFlNa14CdIebVjK3k/76kYj/mz5kiTRNVSsSaxM8kAIa1kpy/qyT9E4npRQ==",
        "dependencies": {
          "Microsoft.Extensions.Logging": "9.0.0",
          "Serilog": "4.2.0"
        }
      },
      "Serilog.Formatting.Compact": {
        "type": "Transitive",
        "resolved": "3.0.0",
        "contentHash": "wQsv14w9cqlfB5FX2MZpNsTawckN4a8dryuNGbebB/3Nh1pXnROHZov3swtu3Nj5oNG7Ba+xdu7Et/ulAUPanQ==",
        "dependencies": {
          "Serilog": "4.0.0"
        }
      },
      "Serilog.Settings.Configuration": {
        "type": "Transitive",
        "resolved": "9.0.0",
        "contentHash": "4/Et4Cqwa+F88l5SeFeNZ4c4Z6dEAIKbu3MaQb2Zz9F/g27T5a3wvfMcmCOaAiACjfUb4A6wrlTVfyYUZk3RRQ==",
        "dependencies": {
          "Microsoft.Extensions.Configuration.Binder": "9.0.0",
          "Microsoft.Extensions.DependencyModel": "9.0.0",
          "Serilog": "4.2.0"
        }
      },
      "Serilog.Sinks.Console": {
        "type": "Transitive",
        "resolved": "6.0.0",
        "contentHash": "fQGWqVMClCP2yEyTXPIinSr5c+CBGUvBybPxjAGcf7ctDhadFhrQw03Mv8rJ07/wR5PDfFjewf2LimvXCDzpbA==",
        "dependencies": {
          "Serilog": "4.0.0"
        }
      },
      "Serilog.Sinks.Debug": {
        "type": "Transitive",
        "resolved": "3.0.0",
        "contentHash": "4BzXcdrgRX7wde9PmHuYd9U6YqycCC28hhpKonK7hx0wb19eiuRj16fPcPSVp0o/Y1ipJuNLYQ00R3q2Zs8FDA==",
        "dependencies": {
          "Serilog": "4.0.0"
        }
      },
      "Serilog.Sinks.File": {
        "type": "Transitive",
        "resolved": "6.0.0",
        "contentHash": "lxjg89Y8gJMmFxVkbZ+qDgjl+T4yC5F7WSLTvA+5q0R04tfKVLRL/EHpYoJ/MEQd2EeCKDuylBIVnAYMotmh2A==",
        "dependencies": {
          "Serilog": "4.0.0"
        }
      },
      "System.Collections.Immutable": {
        "type": "Transitive",
        "resolved": "9.0.4",
        "contentHash": "wfm2NgK22MmBe5qJjp52qzpkeDZKb4l9LbdubhZSehY1z4LS+lld6R+B+UQNb2AZRHu/QJlHxEUcRst5hIEejg=="
      },
      "System.ComponentModel.Annotations": {
        "type": "Transitive",
        "resolved": "5.0.0",
        "contentHash": "dMkqfy2el8A8/I76n2Hi1oBFEbG1SfxD2l5nhwXV3XjlnOmwxJlQbYpJH4W51odnU9sARCSAgv7S3CyAFMkpYg=="
      },
      "System.Diagnostics.DiagnosticSource": {
        "type": "Transitive",
        "resolved": "7.0.0",
        "contentHash": "9W0ewWDuAyDqS2PigdTxk6jDKonfgscY/hP8hm7VpxYhNHZHKvZTdRckberlFk3VnCmr3xBUyMBut12Q+T2aOw=="
      },
      "System.Diagnostics.EventLog": {
        "type": "Transitive",
        "resolved": "6.0.0",
        "contentHash": "lcyUiXTsETK2ALsZrX+nWuHSIQeazhqPphLfaRxzdGaG93+0kELqpgEHtwWOlQe7+jSFnKwaCAgL4kjeZCQJnw=="
      },
      "System.IO": {
        "type": "Transitive",
        "resolved": "4.3.0",
        "contentHash": "3qjaHvxQPDpSOYICjUoTsmoq5u6QJAFRUITgeT/4gqkF1bajbSmb1kwSxEA8AHlofqgcKJcM8udgieRNhaJ5Cg==",
        "dependencies": {
          "Microsoft.NETCore.Platforms": "1.1.0",
          "Microsoft.NETCore.Targets": "1.1.0",
          "System.Runtime": "4.3.0",
          "System.Text.Encoding": "4.3.0",
          "System.Threading.Tasks": "4.3.0"
        }
      },
      "System.Reflection": {
        "type": "Transitive",
        "resolved": "4.3.0",
        "contentHash": "KMiAFoW7MfJGa9nDFNcfu+FpEdiHpWgTcS2HdMpDvt9saK3y/G4GwprPyzqjFH9NTaGPQeWNHU+iDlDILj96aQ==",
        "dependencies": {
          "Microsoft.NETCore.Platforms": "1.1.0",
          "Microsoft.NETCore.Targets": "1.1.0",
          "System.IO": "4.3.0",
          "System.Reflection.Primitives": "4.3.0",
          "System.Runtime": "4.3.0"
        }
      },
      "System.Reflection.Emit.ILGeneration": {
        "type": "Transitive",
        "resolved": "4.3.0",
        "contentHash": "59tBslAk9733NXLrUJrwNZEzbMAcu8k344OYo+wfSVygcgZ9lgBdGIzH/nrg3LYhXceynyvTc8t5/GD4Ri0/ng==",
        "dependencies": {
          "System.Reflection": "4.3.0",
          "System.Reflection.Primitives": "4.3.0",
          "System.Runtime": "4.3.0"
        }
      },
      "System.Reflection.Emit.Lightweight": {
        "type": "Transitive",
        "resolved": "4.3.0",
        "contentHash": "oadVHGSMsTmZsAF864QYN1t1QzZjIcuKU3l2S9cZOwDdDueNTrqq1yRj7koFfIGEnKpt6NjpL3rOzRhs4ryOgA==",
        "dependencies": {
          "System.Reflection": "4.3.0",
          "System.Reflection.Emit.ILGeneration": "4.3.0",
          "System.Reflection.Primitives": "4.3.0",
          "System.Runtime": "4.3.0"
        }
      },
      "System.Reflection.Primitives": {
        "type": "Transitive",
        "resolved": "4.3.0",
        "contentHash": "5RXItQz5As4xN2/YUDxdpsEkMhvw3e6aNveFXUn4Hl/udNTCNhnKp8lT9fnc3MhvGKh1baak5CovpuQUXHAlIA==",
        "dependencies": {
          "Microsoft.NETCore.Platforms": "1.1.0",
          "Microsoft.NETCore.Targets": "1.1.0",
          "System.Runtime": "4.3.0"
        }
      },
      "System.Reflection.TypeExtensions": {
        "type": "Transitive",
        "resolved": "4.7.0",
        "contentHash": "VybpaOQQhqE6siHppMktjfGBw1GCwvCqiufqmP8F1nj7fTUNtW35LOEt3UZTEsECfo+ELAl/9o9nJx3U91i7vA=="
      },
      "System.Runtime": {
        "type": "Transitive",
        "resolved": "4.3.0",
        "contentHash": "JufQi0vPQ0xGnAczR13AUFglDyVYt4Kqnz1AZaiKZ5+GICq0/1MH/mO/eAJHt/mHW1zjKBJd7kV26SrxddAhiw==",
        "dependencies": {
          "Microsoft.NETCore.Platforms": "1.1.0",
          "Microsoft.NETCore.Targets": "1.1.0"
        }
      },
      "System.Text.Encoding": {
        "type": "Transitive",
        "resolved": "4.3.0",
        "contentHash": "BiIg+KWaSDOITze6jGQynxg64naAPtqGHBwDrLaCtixsa5bKiR8dpPOHA7ge3C0JJQizJE+sfkz1wV+BAKAYZw==",
        "dependencies": {
          "Microsoft.NETCore.Platforms": "1.1.0",
          "Microsoft.NETCore.Targets": "1.1.0",
          "System.Runtime": "4.3.0"
        }
      },
      "System.Threading.Tasks": {
        "type": "Transitive",
        "resolved": "4.3.0",
        "contentHash": "LbSxKEdOUhVe8BezB/9uOGGppt+nZf6e1VFyw6v3DN6lqitm0OSn2uXMOdtP0M3W4iMcqcivm2J6UgqiwwnXiA==",
        "dependencies": {
          "Microsoft.NETCore.Platforms": "1.1.0",
          "Microsoft.NETCore.Targets": "1.1.0",
          "System.Runtime": "4.3.0"
        }
      },
      "openwright.api": {
        "type": "Project",
        "dependencies": {
          "OpenWright.Common": "[1.0.0, )",
          "Revo.Core": "[1.37.0, )"
        }
      },
      "openwright.common": {
        "type": "Project"
      },
      "openwright.platform": {
        "type": "Project",
        "dependencies": {
          "Microsoft.AspNetCore.OpenApi": "[9.0.4, )",
          "Npgsql": "[9.0.3, )",
          "Npgsql.EntityFrameworkCore.PostgreSQL": "[9.0.4, )",
          "Revo.AspNetCore": "[1.37.0, )",
          "Revo.EFCore": "[1.37.0, )",
          "Revo.Extensions.AutoMapper": "[1.37.0, )",
          "Revo.Infrastructure": "[1.37.0, )",
          "Sentry": "[5.5.1, )",
          "Sentry.AspNetCore": "[5.5.1, )",
          "Sentry.Serilog": "[5.5.1, )",
          "Serilog": "[4.2.0, )",
          "Serilog.AspNetCore": "[9.0.0, )",
          "Serilog.Enrichers.ClientInfo": "[2.1.2, )",
          "Serilog.Enrichers.Span": "[3.1.0, )",
          "Serilog.Exceptions": "[8.4.0, )",
          "Serilog.Exceptions.EntityFrameworkCore": "[8.4.0, )",
          "Serilog.Sinks.Async": "[2.1.0, )"
        }
      },
      "Microsoft.AspNetCore.OpenApi": {
        "type": "CentralTransitive",
        "requested": "[9.0.4, )",
        "resolved": "9.0.4",
        "contentHash": "GfZWPbZz1aAtEO3wGCkpeyRc0gzr/+VRHnUgY/YjqVPDlHbeKWCXw3IxKarQdo9myC2O1QBf652Mo50QqbXYRg==",
        "dependencies": {
          "Microsoft.OpenApi": "1.6.17"
        }
      },
      "Microsoft.EntityFrameworkCore": {
        "type": "CentralTransitive",
        "requested": "[8.0.12, )",
        "resolved": "9.0.4",
        "contentHash": "+5IAX0aicQYCRfN4pAjad+JPwdEYoVEM3Z1Cl8/EiEv3FVHQHdd8TJQpQIslQDDQS/UsUMb0MsOXwqOh+TJtRw==",
        "dependencies": {
          "Microsoft.EntityFrameworkCore.Abstractions": "9.0.4",
          "Microsoft.EntityFrameworkCore.Analyzers": "9.0.4",
          "Microsoft.Extensions.Caching.Memory": "9.0.4",
          "Microsoft.Extensions.Logging": "9.0.4"
        }
      },
      "Microsoft.EntityFrameworkCore.Abstractions": {
        "type": "CentralTransitive",
        "requested": "[8.0.12, )",
        "resolved": "9.0.4",
        "contentHash": "E0pkWzI0liqu2ogqJ1kohk2eGkYRhf5tI75HGF6IQDARsshY/0w+prGyLvNuUeV7B8I7vYQZ4CzAKYKxw7b9gQ=="
      },
      "Microsoft.EntityFrameworkCore.Relational": {
        "type": "CentralTransitive",
        "requested": "[8.0.12, )",
        "resolved": "9.0.4",
        "contentHash": "OjJ+xh/wQff5b0wiC3SPvoQqTA2boZeJQf+15+3+OJPtjBKzvxuwr25QRIu1p1t+K8ryQ8pzaoZ7eOpXfNzVGA==",
        "dependencies": {
          "Microsoft.EntityFrameworkCore": "9.0.4",
          "Microsoft.Extensions.Caching.Memory": "9.0.4",
          "Microsoft.Extensions.Configuration.Abstractions": "9.0.4",
          "Microsoft.Extensions.Logging": "9.0.4"
        }
      },
      "Microsoft.Extensions.Http": {
        "type": "CentralTransitive",
        "requested": "[8.0.1, )",
        "resolved": "9.0.0",
        "contentHash": "DqI4q54U4hH7bIAq9M5a/hl5Odr/KBAoaZ0dcT4OgutD8dook34CbkvAfAIzkMVjYXiL+E5ul9etwwqiX4PHGw==",
        "dependencies": {
          "Microsoft.Extensions.Configuration.Abstractions": "9.0.0",
          "Microsoft.Extensions.DependencyInjection.Abstractions": "9.0.0",
          "Microsoft.Extensions.Diagnostics": "9.0.0",
          "Microsoft.Extensions.Logging": "9.0.0",
          "Microsoft.Extensions.Logging.Abstractions": "9.0.0",
          "Microsoft.Extensions.Options": "9.0.0"
        }
      },
      "Microsoft.Extensions.Logging.Abstractions": {
        "type": "CentralTransitive",
        "requested": "[8.0.2, )",
        "resolved": "9.0.4",
        "contentHash": "0MXlimU4Dud6t+iNi5NEz3dO2w1HXdhoOLaYFuLPCjAsvlPQGwOT6V2KZRMLEhCAm/stSZt1AUv0XmDdkjvtbw==",
        "dependencies": {
          "Microsoft.Extensions.DependencyInjection.Abstractions": "9.0.4"
        }
      },
      "Newtonsoft.Json": {
        "type": "CentralTransitive",
        "requested": "[13.0.3, )",
        "resolved": "13.0.3",
        "contentHash": "HrC5BXdl00IP9zeV+0Z848QWPAoCr9P3bDEZguI+gkLcBKAOxix/tLEAAHC+UvDNPv4a2d18lOReHMOagPa+zQ=="
      },
      "Npgsql": {
        "type": "CentralTransitive",
        "requested": "[9.0.3, )",
        "resolved": "9.0.3",
        "contentHash": "tPvY61CxOAWxNsKLEBg+oR646X4Bc8UmyQ/tJszL/7mEmIXQnnBhVJZrZEEUv0Bstu0mEsHZD5At3EO8zQRAYw==",
        "dependencies": {
          "Microsoft.Extensions.Logging.Abstractions": "8.0.2"
        }
      },
      "Npgsql.EntityFrameworkCore.PostgreSQL": {
        "type": "CentralTransitive",
        "requested": "[9.0.4, )",
        "resolved": "9.0.4",
        "contentHash": "mw5vcY2IEc7L+IeGrxpp/J5OSnCcjkjAgJYCm/eD52wpZze8zsSifdqV7zXslSMmfJG2iIUGZyo3KuDtEFKwMQ==",
        "dependencies": {
          "Microsoft.EntityFrameworkCore": "[9.0.1, 10.0.0)",
          "Microsoft.EntityFrameworkCore.Relational": "[9.0.1, 10.0.0)",
          "Npgsql": "9.0.3"
        }
      },
      "Revo.AspNetCore": {
        "type": "CentralTransitive",
        "requested": "[1.37.0, )",
        "resolved": "1.37.0",
        "contentHash": "0m4CeHxJTR4OHZtuTkk4nw1pS4z3dlAbysrKimtex1qd7COtzDmL1gTqRZyyylSxnSLCymZGC2gmYpRZxIl+cw==",
        "dependencies": {
          "Hangfire": "1.8.18",
          "Hangfire.MemoryStorage": "1.8.1.1",
          "Revo.Hangfire": "1.37.0",
          "Revo.Infrastructure": "1.37.0"
        }
      },
      "Revo.DataAccess": {
        "type": "CentralTransitive",
        "requested": "[1.37.0, )",
        "resolved": "1.37.0",
        "contentHash": "rZEkjePndZNX6S2PTUky6X/3xqQ1CytDmQ9hWvYsVMwD/buL+3JYuqY7NTNKXazfCfPgv9Jj7WhF5lXZRTf1tA==",
        "dependencies": {
          "Revo.Core": "1.37.0"
        }
      },
      "Revo.Domain": {
        "type": "CentralTransitive",
        "requested": "[1.37.0, )",
        "resolved": "1.37.0",
        "contentHash": "1CCunJ+2uGyD4U5DITMTA1b+C5tKrUzVfJ9AuOSEhyi1nUmPCl2asvfANh5yBNFm5X63PPtyb+UF4KUCffJSNQ==",
        "dependencies": {
          "Revo.Core": "1.37.0",
          "Revo.DataAccess": "1.37.0",
          "System.ComponentModel.Annotations": "5.0.0"
        }
      },
      "Revo.EFCore": {
        "type": "CentralTransitive",
        "requested": "[1.37.0, )",
        "resolved": "1.37.0",
        "contentHash": "9aLboxSHVMmY+2icLDczrO49lMSWOA8rF1WXEX0mscvwESUbFFxNl0+Brr8MM9LdTh12jLlY7x8myeiThQ2DdA==",
        "dependencies": {
          "Microsoft.EntityFrameworkCore": "9.0.4",
          "Microsoft.EntityFrameworkCore.InMemory": "9.0.4",
          "Microsoft.EntityFrameworkCore.Proxies": "9.0.4",
          "Microsoft.EntityFrameworkCore.Relational": "9.0.4",
          "Revo.Infrastructure": "1.37.0"
        }
      },
      "Revo.Extensions.AutoMapper": {
        "type": "CentralTransitive",
        "requested": "[1.37.0, )",
        "resolved": "1.37.0",
        "contentHash": "x6e1elmDTgpRAylrqanii/UgoBhb0VSjABIEu7ypR++uV2zBfMnfp8irHVKi/WT7AzJAQBWDELuWNSpbtCU2CA==",
        "dependencies": {
          "AutoMapper": "14.0.0",
          "AutoMapper.Extensions.ExpressionMapping": "8.0.0",
          "Revo.Core": "1.37.0"
        }
      },
      "Revo.Infrastructure": {
        "type": "CentralTransitive",
        "requested": "[1.37.0, )",
        "resolved": "1.37.0",
        "contentHash": "hTWNQCj3nux7FZTCQFwTR0LWelkYoyJQbKTyuJgS7RP9JL0qe6EOI/gCwBuzJC3UPGhx31PNISfryI7BiBEQ6g==",
        "dependencies": {
          "LinqKit.Core": "1.2.8",
          "Microsoft.CSharp": "4.7.0",
          "Nito.AsyncEx": "5.1.2",
          "Revo.Domain": "1.37.0",
          "morelinq": "4.4.0"
        }
      },
      "Sentry": {
        "type": "CentralTransitive",
        "requested": "[5.5.1, )",
        "resolved": "5.5.1",
        "contentHash": "p93BeSvZrbs/Y+bHShFv3MV6lGCJ/H+A1OFLylMhv8ADWvkz4P7NTEJ2m1JUEKd6kaY69PP06mxVQROgTm3qhA=="
      },
      "Sentry.AspNetCore": {
        "type": "CentralTransitive",
        "requested": "[5.5.1, )",
        "resolved": "5.5.1",
        "contentHash": "V/8u+N0n8rI483aTfrENr3JtejyP4GNY7xJZr5OOYyFCW1JRts7fVnsTKuadOgj17dcr2IVDLcRBo25AhY3A9g==",
        "dependencies": {
          "Microsoft.Extensions.Configuration.Binder": "9.0.0",
          "Sentry.Extensions.Logging": "5.5.1"
        }
      },
      "Sentry.Serilog": {
        "type": "CentralTransitive",
        "requested": "[5.5.1, )",
        "resolved": "5.5.1",
        "contentHash": "B9Nxpvc4jP4kl/WZCnp9XRj2JaMgIctcFY51dMOLCA11bnm3zjJEf4IJ46W2EpL1iiU53nl4pZgEKFsKkDuc1g==",
        "dependencies": {
          "Sentry": "5.5.1",
          "Serilog": "2.10.0"
        }
      },
      "Serilog": {
        "type": "CentralTransitive",
        "requested": "[4.2.0, )",
        "resolved": "4.2.0",
        "contentHash": "gmoWVOvKgbME8TYR+gwMf7osROiWAURterc6Rt2dQyX7wtjZYpqFiA/pY6ztjGQKKV62GGCyOcmtP1UKMHgSmA=="
      },
      "Serilog.AspNetCore": {
        "type": "CentralTransitive",
        "requested": "[9.0.0, )",
        "resolved": "9.0.0",
        "contentHash": "JslDajPlBsn3Pww1554flJFTqROvK9zz9jONNQgn0D8Lx2Trw8L0A8/n6zEQK1DAZWXrJwiVLw8cnTR3YFuYsg==",
        "dependencies": {
          "Serilog": "4.2.0",
          "Serilog.Extensions.Hosting": "9.0.0",
          "Serilog.Formatting.Compact": "3.0.0",
          "Serilog.Settings.Configuration": "9.0.0",
          "Serilog.Sinks.Console": "6.0.0",
          "Serilog.Sinks.Debug": "3.0.0",
          "Serilog.Sinks.File": "6.0.0"
        }
      },
      "Serilog.Enrichers.ClientInfo": {
        "type": "CentralTransitive",
        "requested": "[2.1.2, )",
        "resolved": "2.1.2",
        "contentHash": "pj4yBNYghlax7SMEzRVSUHWeArlabjy5yAdw9bnxK5Nwjj8gWIqKSLtXV2wt1VxnRGGa+UiROwkQjhh93MWB5g==",
        "dependencies": {
          "Serilog": "2.9.0"
        }
      },
      "Serilog.Enrichers.Span": {
        "type": "CentralTransitive",
        "requested": "[3.1.0, )",
        "resolved": "3.1.0",
        "contentHash": "xNxy5FxIuLLusRHBpJwJ/YqVw5S7Dtbt79NUsPQxDtu4+CYG4kJgjLs9fjZhKPMjZQL8GZRewT8brap9h2r+Vw==",
        "dependencies": {
          "Serilog": "2.10.0",
          "System.Diagnostics.DiagnosticSource": "7.0.0"
        }
      },
      "Serilog.Exceptions": {
        "type": "CentralTransitive",
        "requested": "[8.4.0, )",
        "resolved": "8.4.0",
        "contentHash": "nc/+hUw3lsdo0zCj0KMIybAu7perMx79vu72w0za9Nsi6mWyNkGXxYxakAjWB7nEmYL6zdmhEQRB4oJ2ALUeug==",
        "dependencies": {
          "Serilog": "2.8.0",
          "System.Reflection.TypeExtensions": "4.7.0"
        }
      },
      "Serilog.Exceptions.EntityFrameworkCore": {
        "type": "CentralTransitive",
        "requested": "[8.4.0, )",
        "resolved": "8.4.0",
        "contentHash": "3mOul1jW79IL6CVGpaX3zdaMXpKv20/X/gg9D10kHfabjQ35s7aNYeT3Rm3uXA0MovfURB/41aosKcyfboBNCQ==",
        "dependencies": {
          "Microsoft.EntityFrameworkCore": "6.0.0",
          "Serilog.Exceptions": "8.4.0"
        }
      },
      "Serilog.Sinks.Async": {
        "type": "CentralTransitive",
        "requested": "[2.1.0, )",
        "resolved": "2.1.0",
        "contentHash": "SnmRknWsSMgyo9wDXeZZCqSp48kkQYy44taSM6vcpxfiRICzSf09oLKEmVr0RCwQnfd8mJQ2WNN6nvhqf0RowQ==",
        "dependencies": {
          "Serilog": "4.1.0"
        }
      }
    }
  }
}